
Microsoft Visual Studio Solution File, Format Version 12.00
# Visual Studio Version 16
VisualStudioVersion = 16.0.32228.343
MinimumVisualStudioVersion = 10.0.40219.1
Project("{FAE04EC0-301F-11D3-BF4B-00C04F79EFBC}") = "Exercicio_Monogame", "Exercicio_Monogame\Exercicio_Monogame.csproj", "{30680A30-067D-4348-A1B6-267B06D6872E}"
EndProject
Global
	GlobalSection(SolutionConfigurationPlatforms) = preSolution
		Debug|Any CPU = Debug|Any CPU
		Release|Any CPU = Release|Any CPU
	EndGlobalSection
	GlobalSection(ProjectConfigurationPlatforms) = postSolution
		{30680A30-067D-4348-A1B6-267B06D6872E}.Debug|Any CPU.ActiveCfg = Debug|Any CPU
		{30680A30-067D-4348-A1B6-267B06D6872E}.Debug|Any CPU.Build.0 = Debug|Any CPU
		{30680A30-067D-4348-A1B6-267B06D6872E}.Release|Any CPU.ActiveCfg = Release|Any CPU
		{30680A30-067D-4348-A1B6-267B06D6872E}.Release|Any CPU.Build.0 = Release|Any CPU
	EndGlobalSection
	GlobalSection(SolutionProperties) = preSolution
		HideSolutionNode = FALSE
	EndGlobalSection
	GlobalSection(ExtensibilityGlobals) = postSolution
		SolutionGuid = {E0E5B625-97E6-4460-865F-A05FFE632B9B}
	EndGlobalSection
EndGlobal
